// !$*UTF8*$!
{
	archiveVersion = 1;
	classes = {
	};
	objectVersion = 56;
	objects = {

/* Begin PBXBuildFile section */
		27712C3C29FA89490089FBF2 /* TextArea.swift in Sources */ = {isa = PBXBuildFile; fileRef = 27712C3B29FA89490089FBF2 /* TextArea.swift */; };
		27712C4129FAA2A30089FBF2 /* LoginView.swift in Sources */ = {isa = PBXBuildFile; fileRef = 27712C4029FAA2A30089FBF2 /* LoginView.swift */; };
		27712C4329FAA2C00089FBF2 /* RegistrationView.swift in Sources */ = {isa = PBXBuildFile; fileRef = 27712C4229FAA2C00089FBF2 /* RegistrationView.swift */; };
		27712C4529FAC4070089FBF2 /* RoundedShape.swift in Sources */ = {isa = PBXBuildFile; fileRef = 27712C4429FAC4070089FBF2 /* RoundedShape.swift */; };
		27712C4829FAD7730089FBF2 /* CustomInputField.swift in Sources */ = {isa = PBXBuildFile; fileRef = 27712C4729FAD7730089FBF2 /* CustomInputField.swift */; };
		277D0ECC29F94B30004F3150 /* FeedView.swift in Sources */ = {isa = PBXBuildFile; fileRef = 277D0ECB29F94B30004F3150 /* FeedView.swift */; };
		277D0ECF29F95BCF004F3150 /* TweetRowView.swift in Sources */ = {isa = PBXBuildFile; fileRef = 277D0ECE29F95BCF004F3150 /* TweetRowView.swift */; };
		277D0ED229F968A6004F3150 /* MainTabView.swift in Sources */ = {isa = PBXBuildFile; fileRef = 277D0ED129F968A6004F3150 /* MainTabView.swift */; };
		277D0ED929F969F1004F3150 /* ExploreView.swift in Sources */ = {isa = PBXBuildFile; fileRef = 277D0ED829F969F1004F3150 /* ExploreView.swift */; };
		277D0EDB29F96A6A004F3150 /* NotificationsView.swift in Sources */ = {isa = PBXBuildFile; fileRef = 277D0EDA29F96A6A004F3150 /* NotificationsView.swift */; };
		277D0EDD29F96AE3004F3150 /* MessagesView.swift in Sources */ = {isa = PBXBuildFile; fileRef = 277D0EDC29F96AE3004F3150 /* MessagesView.swift */; };
		277D0EE129F96CC7004F3150 /* ProfileView.swift in Sources */ = {isa = PBXBuildFile; fileRef = 277D0EE029F96CC7004F3150 /* ProfileView.swift */; };
		27F2DFF329F9EDC0009F8C6C /* TweetFilterViewModel.swift in Sources */ = {isa = PBXBuildFile; fileRef = 27F2DFF229F9EDC0009F8C6C /* TweetFilterViewModel.swift */; };
		27F2DFF629F9F59D009F8C6C /* hero.jpg in Resources */ = {isa = PBXBuildFile; fileRef = 27F2DFF529F9F59D009F8C6C /* hero.jpg */; };
		27F2E00129FA08F9009F8C6C /* UserRowView.swift in Sources */ = {isa = PBXBuildFile; fileRef = 27F2E00029FA08F9009F8C6C /* UserRowView.swift */; };
		27F2E00629FA0D97009F8C6C /* SideMenuView.swift in Sources */ = {isa = PBXBuildFile; fileRef = 27F2E00529FA0D97009F8C6C /* SideMenuView.swift */; };
		27F2E00829FA0DB3009F8C6C /* SideMenuRowView.swift in Sources */ = {isa = PBXBuildFile; fileRef = 27F2E00729FA0DB3009F8C6C /* SideMenuRowView.swift */; };
		27F2E00A29FA0DD2009F8C6C /* SideMenuViewModel.swift in Sources */ = {isa = PBXBuildFile; fileRef = 27F2E00929FA0DD2009F8C6C /* SideMenuViewModel.swift */; };
		27F2E00C29FA0FAB009F8C6C /* UserStatsView.swift in Sources */ = {isa = PBXBuildFile; fileRef = 27F2E00B29FA0FAB009F8C6C /* UserStatsView.swift */; };
		27F2E01129FA353C009F8C6C /* NewTweetView.swift in Sources */ = {isa = PBXBuildFile; fileRef = 27F2E01029FA353C009F8C6C /* NewTweetView.swift */; };
		27FE08B029F9462200E223AB /* TwitterSwiftUIApp.swift in Sources */ = {isa = PBXBuildFile; fileRef = 27FE08AF29F9462200E223AB /* TwitterSwiftUIApp.swift */; };
		27FE08B229F9462200E223AB /* ContentView.swift in Sources */ = {isa = PBXBuildFile; fileRef = 27FE08B129F9462200E223AB /* ContentView.swift */; };
		27FE08B429F9462400E223AB /* Assets.xcassets in Resources */ = {isa = PBXBuildFile; fileRef = 27FE08B329F9462400E223AB /* Assets.xcassets */; };
		27FE08B729F9462400E223AB /* Preview Assets.xcassets in Resources */ = {isa = PBXBuildFile; fileRef = 27FE08B629F9462400E223AB /* Preview Assets.xcassets */; };
/* End PBXBuildFile section */

/* Begin PBXFileReference section */
		27712C3B29FA89490089FBF2 /* TextArea.swift */ = {isa = PBXFileReference; lastKnownFileType = sourcecode.swift; path = TextArea.swift; sourceTree = "<group>"; };
		27712C4029FAA2A30089FBF2 /* LoginView.swift */ = {isa = PBXFileReference; lastKnownFileType = sourcecode.swift; path = LoginView.swift; sourceTree = "<group>"; };
		27712C4229FAA2C00089FBF2 /* RegistrationView.swift */ = {isa = PBXFileReference; lastKnownFileType = sourcecode.swift; path = RegistrationView.swift; sourceTree = "<group>"; };
		27712C4429FAC4070089FBF2 /* RoundedShape.swift */ = {isa = PBXFileReference; lastKnownFileType = sourcecode.swift; path = RoundedShape.swift; sourceTree = "<group>"; };
		27712C4729FAD7730089FBF2 /* CustomInputField.swift */ = {isa = PBXFileReference; lastKnownFileType = sourcecode.swift; path = CustomInputField.swift; sourceTree = "<group>"; };
		277D0ECB29F94B30004F3150 /* FeedView.swift */ = {isa = PBXFileReference; lastKnownFileType = sourcecode.swift; path = FeedView.swift; sourceTree = "<group>"; };
		277D0ECE29F95BCF004F3150 /* TweetRowView.swift */ = {isa = PBXFileReference; lastKnownFileType = sourcecode.swift; path = TweetRowView.swift; sourceTree = "<group>"; };
		277D0ED129F968A6004F3150 /* MainTabView.swift */ = {isa = PBXFileReference; lastKnownFileType = sourcecode.swift; path = MainTabView.swift; sourceTree = "<group>"; };
		277D0ED829F969F1004F3150 /* ExploreView.swift */ = {isa = PBXFileReference; lastKnownFileType = sourcecode.swift; path = ExploreView.swift; sourceTree = "<group>"; };
		277D0EDA29F96A6A004F3150 /* NotificationsView.swift */ = {isa = PBXFileReference; lastKnownFileType = sourcecode.swift; path = NotificationsView.swift; sourceTree = "<group>"; };
		277D0EDC29F96AE3004F3150 /* MessagesView.swift */ = {isa = PBXFileReference; lastKnownFileType = sourcecode.swift; path = MessagesView.swift; sourceTree = "<group>"; };
		277D0EE029F96CC7004F3150 /* ProfileView.swift */ = {isa = PBXFileReference; lastKnownFileType = sourcecode.swift; path = ProfileView.swift; sourceTree = "<group>"; };
		27F2DFF229F9EDC0009F8C6C /* TweetFilterViewModel.swift */ = {isa = PBXFileReference; lastKnownFileType = sourcecode.swift; path = TweetFilterViewModel.swift; sourceTree = "<group>"; };
		27F2DFF529F9F59D009F8C6C /* hero.jpg */ = {isa = PBXFileReference; lastKnownFileType = image.jpeg; path = hero.jpg; sourceTree = "<group>"; };
		27F2E00029FA08F9009F8C6C /* UserRowView.swift */ = {isa = PBXFileReference; lastKnownFileType = sourcecode.swift; path = UserRowView.swift; sourceTree = "<group>"; };
		27F2E00529FA0D97009F8C6C /* SideMenuView.swift */ = {isa = PBXFileReference; lastKnownFileType = sourcecode.swift; path = SideMenuView.swift; sourceTree = "<group>"; };
		27F2E00729FA0DB3009F8C6C /* SideMenuRowView.swift */ = {isa = PBXFileReference; lastKnownFileType = sourcecode.swift; path = SideMenuRowView.swift; sourceTree = "<group>"; };
		27F2E00929FA0DD2009F8C6C /* SideMenuViewModel.swift */ = {isa = PBXFileReference; lastKnownFileType = sourcecode.swift; path = SideMenuViewModel.swift; sourceTree = "<group>"; };
		27F2E00B29FA0FAB009F8C6C /* UserStatsView.swift */ = {isa = PBXFileReference; lastKnownFileType = sourcecode.swift; path = UserStatsView.swift; sourceTree = "<group>"; };
		27F2E01029FA353C009F8C6C /* NewTweetView.swift */ = {isa = PBXFileReference; lastKnownFileType = sourcecode.swift; path = NewTweetView.swift; sourceTree = "<group>"; };
		27FE08AC29F9462200E223AB /* TwitterSwiftUI.app */ = {isa = PBXFileReference; explicitFileType = wrapper.application; includeInIndex = 0; path = TwitterSwiftUI.app; sourceTree = BUILT_PRODUCTS_DIR; };
		27FE08AF29F9462200E223AB /* TwitterSwiftUIApp.swift */ = {isa = PBXFileReference; lastKnownFileType = sourcecode.swift; path = TwitterSwiftUIApp.swift; sourceTree = "<group>"; };
		27FE08B129F9462200E223AB /* ContentView.swift */ = {isa = PBXFileReference; lastKnownFileType = sourcecode.swift; path = ContentView.swift; sourceTree = "<group>"; };
		27FE08B329F9462400E223AB /* Assets.xcassets */ = {isa = PBXFileReference; lastKnownFileType = folder.assetcatalog; path = Assets.xcassets; sourceTree = "<group>"; };
		27FE08B629F9462400E223AB /* Preview Assets.xcassets */ = {isa = PBXFileReference; lastKnownFileType = folder.assetcatalog; path = "Preview Assets.xcassets"; sourceTree = "<group>"; };
		27FE08BD29F9463000E223AB /* README.md */ = {isa = PBXFileReference; lastKnownFileType = net.daringfireball.markdown; path = README.md; sourceTree = "<group>"; };
/* End PBXFileReference section */

/* Begin PBXFrameworksBuildPhase section */
		27FE08A929F9462200E223AB /* Frameworks */ = {
			isa = PBXFrameworksBuildPhase;
			buildActionMask = 2147483647;
			files = (
			);
			runOnlyForDeploymentPostprocessing = 0;
		};
/* End PBXFrameworksBuildPhase section */

/* Begin PBXGroup section */
		27712C3D29FAA2840089FBF2 /* Authentication */ = {
			isa = PBXGroup;
			children = (
				27712C3F29FAA2960089FBF2 /* ViewModels */,
				27712C3E29FAA2910089FBF2 /* Views */,
			);
			path = Authentication;
			sourceTree = "<group>";
		};
		27712C3E29FAA2910089FBF2 /* Views */ = {
			isa = PBXGroup;
			children = (
				27712C4029FAA2A30089FBF2 /* LoginView.swift */,
				27712C4229FAA2C00089FBF2 /* RegistrationView.swift */,
			);
			path = Views;
			sourceTree = "<group>";
		};
		27712C3F29FAA2960089FBF2 /* ViewModels */ = {
			isa = PBXGroup;
			children = (
			);
			path = ViewModels;
			sourceTree = "<group>";
		};
		27712C4629FAD6890089FBF2 /* App */ = {
			isa = PBXGroup;
			children = (
				27FE08AF29F9462200E223AB /* TwitterSwiftUIApp.swift */,
				27FE08B129F9462200E223AB /* ContentView.swift */,
			);
			path = App;
			sourceTree = "<group>";
		};
		277D0EC329F94AC8004F3150 /* Extensions */ = {
			isa = PBXGroup;
			children = (
			);
			path = Extensions;
			sourceTree = "<group>";
		};
		277D0EC429F94AD9004F3150 /* Model */ = {
			isa = PBXGroup;
			children = (
			);
			path = Model;
			sourceTree = "<group>";
		};
		277D0EC529F94ADF004F3150 /* Service */ = {
			isa = PBXGroup;
			children = (
			);
			path = Service;
			sourceTree = "<group>";
		};
		277D0EC629F94AE7004F3150 /* Core */ = {
			isa = PBXGroup;
			children = (
				277D0EC729F94AF0004F3150 /* Components */,
				27712C3D29FAA2840089FBF2 /* Authentication */,
				27F2E00D29FA33F7009F8C6C /* UploadTweet */,
				27F2E00229FA0D6A009F8C6C /* SideMenu */,
				277D0ED029F96886004F3150 /* MainTab */,
				277D0ED629F969C0004F3150 /* Profile */,
				277D0ED529F9699B004F3150 /* Messages */,
				277D0ED429F96998004F3150 /* Notifications */,
				277D0ED329F96996004F3150 /* Explore */,
				277D0EC829F94AF7004F3150 /* Feed */,
			);
			path = Core;
			sourceTree = "<group>";
		};
		277D0EC729F94AF0004F3150 /* Components */ = {
			isa = PBXGroup;
			children = (
				27F2DFFF29FA08DC009F8C6C /* Users */,
				277D0ECD29F94F5D004F3150 /* Tweets */,
				27712C3B29FA89490089FBF2 /* TextArea.swift */,
				27712C4429FAC4070089FBF2 /* RoundedShape.swift */,
				27712C4729FAD7730089FBF2 /* CustomInputField.swift */,
			);
			path = Components;
			sourceTree = "<group>";
		};
		277D0EC829F94AF7004F3150 /* Feed */ = {
			isa = PBXGroup;
			children = (
				277D0ECA29F94B02004F3150 /* ViewModels */,
				277D0EC929F94AFD004F3150 /* Views */,
			);
			path = Feed;
			sourceTree = "<group>";
		};
		277D0EC929F94AFD004F3150 /* Views */ = {
			isa = PBXGroup;
			children = (
				277D0ECB29F94B30004F3150 /* FeedView.swift */,
			);
			path = Views;
			sourceTree = "<group>";
		};
		277D0ECA29F94B02004F3150 /* ViewModels */ = {
			isa = PBXGroup;
			children = (
			);
			path = ViewModels;
			sourceTree = "<group>";
		};
		277D0ECD29F94F5D004F3150 /* Tweets */ = {
			isa = PBXGroup;
			children = (
				277D0ECE29F95BCF004F3150 /* TweetRowView.swift */,
			);
			path = Tweets;
			sourceTree = "<group>";
		};
		277D0ED029F96886004F3150 /* MainTab */ = {
			isa = PBXGroup;
			children = (
				277D0ED129F968A6004F3150 /* MainTabView.swift */,
			);
			path = MainTab;
			sourceTree = "<group>";
		};
		277D0ED329F96996004F3150 /* Explore */ = {
			isa = PBXGroup;
			children = (
				27F2DFFC29FA057B009F8C6C /* ViewModels */,
				27F2DFFB29FA0575009F8C6C /* Views */,
			);
			path = Explore;
			sourceTree = "<group>";
		};
		277D0ED429F96998004F3150 /* Notifications */ = {
			isa = PBXGroup;
			children = (
				27F2DFFD29FA0584009F8C6C /* Views */,
			);
			path = Notifications;
			sourceTree = "<group>";
		};
		277D0ED529F9699B004F3150 /* Messages */ = {
			isa = PBXGroup;
			children = (
				27F2DFFE29FA058C009F8C6C /* Views */,
			);
			path = Messages;
			sourceTree = "<group>";
		};
		277D0ED629F969C0004F3150 /* Profile */ = {
			isa = PBXGroup;
			children = (
				277D0EDF29F96CA6004F3150 /* ViewModels */,
				277D0EDE29F96CA1004F3150 /* Views */,
			);
			path = Profile;
			sourceTree = "<group>";
		};
		277D0EDE29F96CA1004F3150 /* Views */ = {
			isa = PBXGroup;
			children = (
				277D0EE029F96CC7004F3150 /* ProfileView.swift */,
			);
			path = Views;
			sourceTree = "<group>";
		};
		277D0EDF29F96CA6004F3150 /* ViewModels */ = {
			isa = PBXGroup;
			children = (
				27F2DFF229F9EDC0009F8C6C /* TweetFilterViewModel.swift */,
			);
			path = ViewModels;
			sourceTree = "<group>";
		};
		27F2DFF429F9F573009F8C6C /* img */ = {
			isa = PBXGroup;
			children = (
				27F2DFF529F9F59D009F8C6C /* hero.jpg */,
			);
			path = img;
			sourceTree = "<group>";
		};
		27F2DFFB29FA0575009F8C6C /* Views */ = {
			isa = PBXGroup;
			children = (
				277D0ED829F969F1004F3150 /* ExploreView.swift */,
			);
			path = Views;
			sourceTree = "<group>";
		};
		27F2DFFC29FA057B009F8C6C /* ViewModels */ = {
			isa = PBXGroup;
			children = (
			);
			path = ViewModels;
			sourceTree = "<group>";
		};
		27F2DFFD29FA0584009F8C6C /* Views */ = {
			isa = PBXGroup;
			children = (
				277D0EDA29F96A6A004F3150 /* NotificationsView.swift */,
			);
			path = Views;
			sourceTree = "<group>";
		};
		27F2DFFE29FA058C009F8C6C /* Views */ = {
			isa = PBXGroup;
			children = (
				277D0EDC29F96AE3004F3150 /* MessagesView.swift */,
			);
			path = Views;
			sourceTree = "<group>";
		};
		27F2DFFF29FA08DC009F8C6C /* Users */ = {
			isa = PBXGroup;
			children = (
				27F2E00029FA08F9009F8C6C /* UserRowView.swift */,
				27F2E00B29FA0FAB009F8C6C /* UserStatsView.swift */,
			);
			path = Users;
			sourceTree = "<group>";
		};
		27F2E00229FA0D6A009F8C6C /* SideMenu */ = {
			isa = PBXGroup;
			children = (
				27F2E00429FA0D77009F8C6C /* ViewModels */,
				27F2E00329FA0D72009F8C6C /* Views */,
			);
			path = SideMenu;
			sourceTree = "<group>";
		};
		27F2E00329FA0D72009F8C6C /* Views */ = {
			isa = PBXGroup;
			children = (
				27F2E00529FA0D97009F8C6C /* SideMenuView.swift */,
				27F2E00729FA0DB3009F8C6C /* SideMenuRowView.swift */,
			);
			path = Views;
			sourceTree = "<group>";
		};
		27F2E00429FA0D77009F8C6C /* ViewModels */ = {
			isa = PBXGroup;
			children = (
				27F2E00929FA0DD2009F8C6C /* SideMenuViewModel.swift */,
			);
			path = ViewModels;
			sourceTree = "<group>";
		};
		27F2E00D29FA33F7009F8C6C /* UploadTweet */ = {
			isa = PBXGroup;
			children = (
				27F2E00F29FA3521009F8C6C /* Views */,
				27F2E00E29FA3517009F8C6C /* ViewModels */,
			);
			path = UploadTweet;
			sourceTree = "<group>";
		};
		27F2E00E29FA3517009F8C6C /* ViewModels */ = {
			isa = PBXGroup;
			children = (
			);
			path = ViewModels;
			sourceTree = "<group>";
		};
		27F2E00F29FA3521009F8C6C /* Views */ = {
			isa = PBXGroup;
			children = (
				27F2E01029FA353C009F8C6C /* NewTweetView.swift */,
			);
			path = Views;
			sourceTree = "<group>";
		};
		27FE08A329F9462200E223AB = {
			isa = PBXGroup;
			children = (
				27FE08BD29F9463000E223AB /* README.md */,
				27F2DFF429F9F573009F8C6C /* img */,
				27FE08AE29F9462200E223AB /* TwitterSwiftUI */,
				27FE08AD29F9462200E223AB /* Products */,
			);
			sourceTree = "<group>";
		};
		27FE08AD29F9462200E223AB /* Products */ = {
			isa = PBXGroup;
			children = (
				27FE08AC29F9462200E223AB /* TwitterSwiftUI.app */,
			);
			name = Products;
			sourceTree = "<group>";
		};
		27FE08AE29F9462200E223AB /* TwitterSwiftUI */ = {
			isa = PBXGroup;
			children = (
				27712C4629FAD6890089FBF2 /* App */,
				277D0EC629F94AE7004F3150 /* Core */,
				277D0EC529F94ADF004F3150 /* Service */,
				277D0EC429F94AD9004F3150 /* Model */,
				277D0EC329F94AC8004F3150 /* Extensions */,
				27FE08B329F9462400E223AB /* Assets.xcassets */,
				27FE08B529F9462400E223AB /* Preview Content */,
			);
			path = TwitterSwiftUI;
			sourceTree = "<group>";
		};
		27FE08B529F9462400E223AB /* Preview Content */ = {
			isa = PBXGroup;
			children = (
				27FE08B629F9462400E223AB /* Preview Assets.xcassets */,
			);
			path = "Preview Content";
			sourceTree = "<group>";
		};
/* End PBXGroup section */

/* Begin PBXNativeTarget section */
		27FE08AB29F9462200E223AB /* TwitterSwiftUI */ = {
			isa = PBXNativeTarget;
			buildConfigurationList = 27FE08BA29F9462400E223AB /* Build configuration list for PBXNativeTarget "TwitterSwiftUI" */;
			buildPhases = (
				27FE08A829F9462200E223AB /* Sources */,
				27FE08A929F9462200E223AB /* Frameworks */,
				27FE08AA29F9462200E223AB /* Resources */,
			);
			buildRules = (
			);
			dependencies = (
			);
			name = TwitterSwiftUI;
			productName = TwitterSwiftUI;
			productReference = 27FE08AC29F9462200E223AB /* TwitterSwiftUI.app */;
			productType = "com.apple.product-type.application";
		};
/* End PBXNativeTarget section */

/* Begin PBXProject section */
		27FE08A429F9462200E223AB /* Project object */ = {
			isa = PBXProject;
			attributes = {
				BuildIndependentTargetsInParallel = 1;
				LastSwiftUpdateCheck = 1430;
				LastUpgradeCheck = 1430;
				TargetAttributes = {
					27FE08AB29F9462200E223AB = {
						CreatedOnToolsVersion = 14.3;
					};
				};
			};
			buildConfigurationList = 27FE08A729F9462200E223AB /* Build configuration list for PBXProject "TwitterSwiftUI" */;
			compatibilityVersion = "Xcode 14.0";
			developmentRegion = en;
			hasScannedForEncodings = 0;
			knownRegions = (
				en,
				Base,
			);
			mainGroup = 27FE08A329F9462200E223AB;
			productRefGroup = 27FE08AD29F9462200E223AB /* Products */;
			projectDirPath = "";
			projectRoot = "";
			targets = (
				27FE08AB29F9462200E223AB /* TwitterSwiftUI */,
			);
		};
/* End PBXProject section */

/* Begin PBXResourcesBuildPhase section */
		27FE08AA29F9462200E223AB /* Resources */ = {
			isa = PBXResourcesBuildPhase;
			buildActionMask = 2147483647;
			files = (
				27FE08B729F9462400E223AB /* Preview Assets.xcassets in Resources */,
				27F2DFF629F9F59D009F8C6C /* hero.jpg in Resources */,
				27FE08B429F9462400E223AB /* Assets.xcassets in Resources */,
			);
			runOnlyForDeploymentPostprocessing = 0;
		};
/* End PBXResourcesBuildPhase section */

/* Begin PBXSourcesBuildPhase section */
		27FE08A829F9462200E223AB /* Sources */ = {
			isa = PBXSourcesBuildPhase;
			buildActionMask = 2147483647;
			files = (
				277D0EDD29F96AE3004F3150 /* MessagesView.swift in Sources */,
				277D0EE129F96CC7004F3150 /* ProfileView.swift in Sources */,
				27FE08B229F9462200E223AB /* ContentView.swift in Sources */,
				27F2E00829FA0DB3009F8C6C /* SideMenuRowView.swift in Sources */,
				27712C4829FAD7730089FBF2 /* CustomInputField.swift in Sources */,
				277D0ECF29F95BCF004F3150 /* TweetRowView.swift in Sources */,
				27F2DFF329F9EDC0009F8C6C /* TweetFilterViewModel.swift in Sources */,
				277D0ECC29F94B30004F3150 /* FeedView.swift in Sources */,
				27F2E00629FA0D97009F8C6C /* SideMenuView.swift in Sources */,
				27FE08B029F9462200E223AB /* TwitterSwiftUIApp.swift in Sources */,
				277D0ED929F969F1004F3150 /* ExploreView.swift in Sources */,
				27712C3C29FA89490089FBF2 /* TextArea.swift in Sources */,
				27F2E00A29FA0DD2009F8C6C /* SideMenuViewModel.swift in Sources */,
				27712C4129FAA2A30089FBF2 /* LoginView.swift in Sources */,
				27712C4329FAA2C00089FBF2 /* RegistrationView.swift in Sources */,
				27F2E01129FA353C009F8C6C /* NewTweetView.swift in Sources */,
				27712C4529FAC4070089FBF2 /* RoundedShape.swift in Sources */,
				27F2E00129FA08F9009F8C6C /* UserRowView.swift in Sources */,
				277D0ED229F968A6004F3150 /* MainTabView.swift in Sources */,
				277D0EDB29F96A6A004F3150 /* NotificationsView.swift in Sources */,
				27F2E00C29FA0FAB009F8C6C /* UserStatsView.swift in Sources */,
			);
			runOnlyForDeploymentPostprocessing = 0;
		};
/* End PBXSourcesBuildPhase section */

/* Begin XCBuildConfiguration section */
		27FE08B829F9462400E223AB /* Debug */ = {
			isa = XCBuildConfiguration;
			buildSettings = {
				ALWAYS_SEARCH_USER_PATHS = NO;
				CLANG_ANALYZER_NONNULL = YES;
				CLANG_ANALYZER_NUMBER_OBJECT_CONVERSION = YES_AGGRESSIVE;
				CLANG_CXX_LANGUAGE_STANDARD = "gnu++20";
				CLANG_ENABLE_MODULES = YES;
				CLANG_ENABLE_OBJC_ARC = YES;
				CLANG_ENABLE_OBJC_WEAK = YES;
				CLANG_WARN_BLOCK_CAPTURE_AUTORELEASING = YES;
				CLANG_WARN_BOOL_CONVERSION = YES;
				CLANG_WARN_COMMA = YES;
				CLANG_WARN_CONSTANT_CONVERSION = YES;
				CLANG_WARN_DEPRECATED_OBJC_IMPLEMENTATIONS = YES;
				CLANG_WARN_DIRECT_OBJC_ISA_USAGE = YES_ERROR;
				CLANG_WARN_DOCUMENTATION_COMMENTS = YES;
				CLANG_WARN_EMPTY_BODY = YES;
				CLANG_WARN_ENUM_CONVERSION = YES;
				CLANG_WARN_INFINITE_RECURSION = YES;
				CLANG_WARN_INT_CONVERSION = YES;
				CLANG_WARN_NON_LITERAL_NULL_CONVERSION = YES;
				CLANG_WARN_OBJC_IMPLICIT_RETAIN_SELF = YES;
				CLANG_WARN_OBJC_LITERAL_CONVERSION = YES;
				CLANG_WARN_OBJC_ROOT_CLASS = YES_ERROR;
				CLANG_WARN_QUOTED_INCLUDE_IN_FRAMEWORK_HEADER = YES;
				CLANG_WARN_RANGE_LOOP_ANALYSIS = YES;
				CLANG_WARN_STRICT_PROTOTYPES = YES;
				CLANG_WARN_SUSPICIOUS_MOVE = YES;
				CLANG_WARN_UNGUARDED_AVAILABILITY = YES_AGGRESSIVE;
				CLANG_WARN_UNREACHABLE_CODE = YES;
				CLANG_WARN__DUPLICATE_METHOD_MATCH = YES;
				COPY_PHASE_STRIP = NO;
				DEBUG_INFORMATION_FORMAT = dwarf;
				ENABLE_STRICT_OBJC_MSGSEND = YES;
				ENABLE_TESTABILITY = YES;
				GCC_C_LANGUAGE_STANDARD = gnu11;
				GCC_DYNAMIC_NO_PIC = NO;
				GCC_NO_COMMON_BLOCKS = YES;
				GCC_OPTIMIZATION_LEVEL = 0;
				GCC_PREPROCESSOR_DEFINITIONS = (
					"DEBUG=1",
					"$(inherited)",
				);
				GCC_WARN_64_TO_32_BIT_CONVERSION = YES;
				GCC_WARN_ABOUT_RETURN_TYPE = YES_ERROR;
				GCC_WARN_UNDECLARED_SELECTOR = YES;
				GCC_WARN_UNINITIALIZED_AUTOS = YES_AGGRESSIVE;
				GCC_WARN_UNUSED_FUNCTION = YES;
				GCC_WARN_UNUSED_VARIABLE = YES;
				IPHONEOS_DEPLOYMENT_TARGET = 16.4;
				MTL_ENABLE_DEBUG_INFO = INCLUDE_SOURCE;
				MTL_FAST_MATH = YES;
				ONLY_ACTIVE_ARCH = YES;
				SDKROOT = iphoneos;
				SWIFT_ACTIVE_COMPILATION_CONDITIONS = DEBUG;
				SWIFT_OPTIMIZATION_LEVEL = "-Onone";
			};
			name = Debug;
		};
		27FE08B929F9462400E223AB /* Release */ = {
			isa = XCBuildConfiguration;
			buildSettings = {
				ALWAYS_SEARCH_USER_PATHS = NO;
				CLANG_ANALYZER_NONNULL = YES;
				CLANG_ANALYZER_NUMBER_OBJECT_CONVERSION = YES_AGGRESSIVE;
				CLANG_CXX_LANGUAGE_STANDARD = "gnu++20";
				CLANG_ENABLE_MODULES = YES;
				CLANG_ENABLE_OBJC_ARC = YES;
				CLANG_ENABLE_OBJC_WEAK = YES;
				CLANG_WARN_BLOCK_CAPTURE_AUTORELEASING = YES;
				CLANG_WARN_BOOL_CONVERSION = YES;
				CLANG_WARN_COMMA = YES;
				CLANG_WARN_CONSTANT_CONVERSION = YES;
				CLANG_WARN_DEPRECATED_OBJC_IMPLEMENTATIONS = YES;
				CLANG_WARN_DIRECT_OBJC_ISA_USAGE = YES_ERROR;
				CLANG_WARN_DOCUMENTATION_COMMENTS = YES;
				CLANG_WARN_EMPTY_BODY = YES;
				CLANG_WARN_ENUM_CONVERSION = YES;
				CLANG_WARN_INFINITE_RECURSION = YES;
				CLANG_WARN_INT_CONVERSION = YES;
				CLANG_WARN_NON_LITERAL_NULL_CONVERSION = YES;
				CLANG_WARN_OBJC_IMPLICIT_RETAIN_SELF = YES;
				CLANG_WARN_OBJC_LITERAL_CONVERSION = YES;
				CLANG_WARN_OBJC_ROOT_CLASS = YES_ERROR;
				CLANG_WARN_QUOTED_INCLUDE_IN_FRAMEWORK_HEADER = YES;
				CLANG_WARN_RANGE_LOOP_ANALYSIS = YES;
				CLANG_WARN_STRICT_PROTOTYPES = YES;
				CLANG_WARN_SUSPICIOUS_MOVE = YES;
				CLANG_WARN_UNGUARDED_AVAILABILITY = YES_AGGRESSIVE;
				CLANG_WARN_UNREACHABLE_CODE = YES;
				CLANG_WARN__DUPLICATE_METHOD_MATCH = YES;
				COPY_PHASE_STRIP = NO;
				DEBUG_INFORMATION_FORMAT = "dwarf-with-dsym";
				ENABLE_NS_ASSERTIONS = NO;
				ENABLE_STRICT_OBJC_MSGSEND = YES;
				GCC_C_LANGUAGE_STANDARD = gnu11;
				GCC_NO_COMMON_BLOCKS = YES;
				GCC_WARN_64_TO_32_BIT_CONVERSION = YES;
				GCC_WARN_ABOUT_RETURN_TYPE = YES_ERROR;
				GCC_WARN_UNDECLARED_SELECTOR = YES;
				GCC_WARN_UNINITIALIZED_AUTOS = YES_AGGRESSIVE;
				GCC_WARN_UNUSED_FUNCTION = YES;
				GCC_WARN_UNUSED_VARIABLE = YES;
				IPHONEOS_DEPLOYMENT_TARGET = 16.4;
				MTL_ENABLE_DEBUG_INFO = NO;
				MTL_FAST_MATH = YES;
				SDKROOT = iphoneos;
				SWIFT_COMPILATION_MODE = wholemodule;
				SWIFT_OPTIMIZATION_LEVEL = "-O";
				VALIDATE_PRODUCT = YES;
			};
			name = Release;
		};
		27FE08BB29F9462400E223AB /* Debug */ = {
			isa = XCBuildConfiguration;
			buildSettings = {
				ASSETCATALOG_COMPILER_APPICON_NAME = AppIcon;
				ASSETCATALOG_COMPILER_GLOBAL_ACCENT_COLOR_NAME = AccentColor;
				CODE_SIGN_STYLE = Automatic;
				CURRENT_PROJECT_VERSION = 1;
				DEVELOPMENT_ASSET_PATHS = "\"TwitterSwiftUI/Preview Content\"";
				DEVELOPMENT_TEAM = 723HTEFHBA;
				ENABLE_PREVIEWS = YES;
				GENERATE_INFOPLIST_FILE = YES;
				INFOPLIST_KEY_LSApplicationCategoryType = "public.app-category.social-networking";
				INFOPLIST_KEY_UIApplicationSceneManifest_Generation = YES;
				INFOPLIST_KEY_UIApplicationSupportsIndirectInputEvents = YES;
				INFOPLIST_KEY_UILaunchScreen_Generation = YES;
				INFOPLIST_KEY_UISupportedInterfaceOrientations_iPad = "UIInterfaceOrientationPortrait UIInterfaceOrientationPortraitUpsideDown UIInterfaceOrientationLandscapeLeft UIInterfaceOrientationLandscapeRight";
				INFOPLIST_KEY_UISupportedInterfaceOrientations_iPhone = "UIInterfaceOrientationPortrait UIInterfaceOrientationLandscapeLeft UIInterfaceOrientationLandscapeRight";
				IPHONEOS_DEPLOYMENT_TARGET = 16.0;
				LD_RUNPATH_SEARCH_PATHS = (
					"$(inherited)",
					"@executable_path/Frameworks",
				);
				MARKETING_VERSION = 0.1.1;
				PRODUCT_BUNDLE_IDENTIFIER = ru.fibeapp.TwitterSwiftUI;
				PRODUCT_NAME = "$(TARGET_NAME)";
				SWIFT_EMIT_LOC_STRINGS = YES;
				SWIFT_VERSION = 5.0;
				TARGETED_DEVICE_FAMILY = "1,2";
			};
			name = Debug;
		};
		27FE08BC29F9462400E223AB /* Release */ = {
			isa = XCBuildConfiguration;
			buildSettings = {
				ASSETCATALOG_COMPILER_APPICON_NAME = AppIcon;
				ASSETCATALOG_COMPILER_GLOBAL_ACCENT_COLOR_NAME = AccentColor;
				CODE_SIGN_STYLE = Automatic;
				CURRENT_PROJECT_VERSION = 1;
				DEVELOPMENT_ASSET_PATHS = "\"TwitterSwiftUI/Preview Content\"";
				DEVELOPMENT_TEAM = 723HTEFHBA;
				ENABLE_PREVIEWS = YES;
				GENERATE_INFOPLIST_FILE = YES;
				INFOPLIST_KEY_LSApplicationCategoryType = "public.app-category.social-networking";
				INFOPLIST_KEY_UIApplicationSceneManifest_Generation = YES;
				INFOPLIST_KEY_UIApplicationSupportsIndirectInputEvents = YES;
				INFOPLIST_KEY_UILaunchScreen_Generation = YES;
				INFOPLIST_KEY_UISupportedInterfaceOrientations_iPad = "UIInterfaceOrientationPortrait UIInterfaceOrientationPortraitUpsideDown UIInterfaceOrientationLandscapeLeft UIInterfaceOrientationLandscapeRight";
				INFOPLIST_KEY_UISupportedInterfaceOrientations_iPhone = "UIInterfaceOrientationPortrait UIInterfaceOrientationLandscapeLeft UIInterfaceOrientationLandscapeRight";
				IPHONEOS_DEPLOYMENT_TARGET = 16.0;
				LD_RUNPATH_SEARCH_PATHS = (
					"$(inherited)",
					"@executable_path/Frameworks",
				);
				MARKETING_VERSION = 0.1.1;
				PRODUCT_BUNDLE_IDENTIFIER = ru.fibeapp.TwitterSwiftUI;
				PRODUCT_NAME = "$(TARGET_NAME)";
				SWIFT_EMIT_LOC_STRINGS = YES;
				SWIFT_VERSION = 5.0;
				TARGETED_DEVICE_FAMILY = "1,2";
			};
			name = Release;
		};
/* End XCBuildConfiguration section */

/* Begin XCConfigurationList section */
		27FE08A729F9462200E223AB /* Build configuration list for PBXProject "TwitterSwiftUI" */ = {
			isa = XCConfigurationList;
			buildConfigurations = (
				27FE08B829F9462400E223AB /* Debug */,
				27FE08B929F9462400E223AB /* Release */,
			);
			defaultConfigurationIsVisible = 0;
			defaultConfigurationName = Release;
		};
		27FE08BA29F9462400E223AB /* Build configuration list for PBXNativeTarget "TwitterSwiftUI" */ = {
			isa = XCConfigurationList;
			buildConfigurations = (
				27FE08BB29F9462400E223AB /* Debug */,
				27FE08BC29F9462400E223AB /* Release */,
			);
			defaultConfigurationIsVisible = 0;
			defaultConfigurationName = Release;
		};
/* End XCConfigurationList section */
	};
	rootObject = 27FE08A429F9462200E223AB /* Project object */;
}
